{
  "version": 4,
  "terraform_version": "0.13.5",
  "serial": 8,
  "lineage": "b9ed4ac4-06d2-ee91-617c-4c4bde6961a1",
  "outputs": {},
  "resources": [
    {
      "mode": "managed",
      "type": "google_cloud_scheduler_job",
      "name": "wakeup_job_21",
      "provider": "provider[\"registry.terraform.io/hashicorp/google\"]",
      "instances": [
        {
          "schema_version": 0,
          "attributes": {
            "app_engine_http_target": [],
            "attempt_deadline": "180s",
            "description": "スリープしている tennis-court-agent を起こす",
            "http_target": [
              {
                "body": "",
                "headers": null,
                "http_method": "POST",
                "oauth_token": [],
                "oidc_token": [],
                "uri": "https://tennis-court-agent.herokuapp.com/api/wakeup"
              }
            ],
            "id": "projects/tennis-court-agent/locations/asia-northeast1/jobs/wakeup-tennis-court-agent21",
            "name": "wakeup-tennis-court-agent21",
            "project": "tennis-court-agent",
            "pubsub_target": [],
            "region": "asia-northeast1",
            "retry_config": [
              {
                "max_backoff_duration": "3600s",
                "max_doublings": 5,
                "max_retry_duration": "0s",
                "min_backoff_duration": "5s",
                "retry_count": 1
              }
            ],
            "schedule": "55 20 * * *",
            "time_zone": "Asia/Tokyo",
            "timeouts": null
          },
          "private": "eyJlMmJmYjczMC1lY2FhLTExZTYtOGY4OC0zNDM2M2JjN2M0YzAiOnsiY3JlYXRlIjoyNDAwMDAwMDAwMDAsImRlbGV0ZSI6MjQwMDAwMDAwMDAwfX0="
        }
      ]
    },
    {
      "mode": "managed",
      "type": "google_cloud_scheduler_job",
      "name": "wakeup_job_7",
      "provider": "provider[\"registry.terraform.io/hashicorp/google\"]",
      "instances": [
        {
          "schema_version": 0,
          "attributes": {
            "app_engine_http_target": [],
            "attempt_deadline": "180s",
            "description": "スリープしている tennis-court-agent を起こす",
            "http_target": [
              {
                "body": "",
                "headers": null,
                "http_method": "POST",
                "oauth_token": [],
                "oidc_token": [],
                "uri": "https://tennis-court-agent.herokuapp.com/api/wakeup"
              }
            ],
            "id": "projects/tennis-court-agent/locations/asia-northeast1/jobs/wakeup-tennis-court-agent7",
            "name": "wakeup-tennis-court-agent7",
            "project": "tennis-court-agent",
            "pubsub_target": [],
            "region": "asia-northeast1",
            "retry_config": [
              {
                "max_backoff_duration": "3600s",
                "max_doublings": 5,
                "max_retry_duration": "0s",
                "min_backoff_duration": "5s",
                "retry_count": 1
              }
            ],
            "schedule": "55 6 * * *",
            "time_zone": "Asia/Tokyo",
            "timeouts": null
          },
          "private": "eyJlMmJmYjczMC1lY2FhLTExZTYtOGY4OC0zNDM2M2JjN2M0YzAiOnsiY3JlYXRlIjoyNDAwMDAwMDAwMDAsImRlbGV0ZSI6MjQwMDAwMDAwMDAwfX0="
        }
      ]
    }
  ]
}
