{
  "version": 4,
  "terraform_version": "0.13.5",
  "serial": 1,
  "lineage": "b9ed4ac4-06d2-ee91-617c-4c4bde6961a1",
  "outputs": {},
  "resources": [
    {
      "mode": "managed",
      "type": "google_cloud_scheduler_job",
      "name": "job",
      "provider": "provider[\"registry.terraform.io/hashicorp/google\"]",
      "instances": [
        {
          "schema_version": 0,
          "attributes": {
            "app_engine_http_target": [],
            "attempt_deadline": "180s",
            "description": "スリープしている tennis-court-agent を起こす",
            "http_target": [
              {
                "body": "",
                "headers": {},
                "http_method": "POST",
                "oauth_token": [],
                "oidc_token": [],
                "uri": "https://tennis-court-agent.herokuapp.com/api/wakeup"
              }
            ],
            "id": "projects/tennis-court-agent/locations/asia-northeast1/jobs/wakeup-tennis-court-agent",
            "name": "wakeup-tennis-court-agent",
            "project": "tennis-court-agent",
            "pubsub_target": [],
            "region": "asia-northeast1",
            "retry_config": [],
            "schedule": "55 20 * * *",
            "time_zone": "Asia/Tokyo",
            "timeouts": {
              "create": null,
              "delete": null
            }
          },
          "private": "eyJlMmJmYjczMC1lY2FhLTExZTYtOGY4OC0zNDM2M2JjN2M0YzAiOnsiY3JlYXRlIjoyNDAwMDAwMDAwMDAsImRlbGV0ZSI6MjQwMDAwMDAwMDAwfSwic2NoZW1hX3ZlcnNpb24iOiIwIn0="
        }
      ]
    }
  ]
}
